
Microsoft Visual Studio Solution File, Format Version 12.00
# Visual Studio Version 16
VisualStudioVersion = 16.0.30028.174
MinimumVisualStudioVersion = 10.0.40219.1
Project("{9A19103F-16F7-4668-BE54-9A1E7A4F7556}") = "DynamicExpressions", "DynamicExpressions\DynamicExpressions.csproj", "{0A62B8FB-770A-4AA6-BEC6-B966537DB69F}"
EndProject
Project("{9A19103F-16F7-4668-BE54-9A1E7A4F7556}") = "DynamicExpressions.Benchmarks", "DynamicExpressions.Benchmarks\DynamicExpressions.Benchmarks.csproj", "{B0EC7669-9F45-4CE1-B53C-917BC5480D5C}"
EndProject
Global
	GlobalSection(SolutionConfigurationPlatforms) = preSolution
		Debug|Any CPU = Debug|Any CPU
		Release|Any CPU = Release|Any CPU
	EndGlobalSection
	GlobalSection(ProjectConfigurationPlatforms) = postSolution
		{0A62B8FB-770A-4AA6-BEC6-B966537DB69F}.Debug|Any CPU.ActiveCfg = Debug|Any CPU
		{0A62B8FB-770A-4AA6-BEC6-B966537DB69F}.Debug|Any CPU.Build.0 = Debug|Any CPU
		{0A62B8FB-770A-4AA6-BEC6-B966537DB69F}.Release|Any CPU.ActiveCfg = Release|Any CPU
		{0A62B8FB-770A-4AA6-BEC6-B966537DB69F}.Release|Any CPU.Build.0 = Release|Any CPU
		{B0EC7669-9F45-4CE1-B53C-917BC5480D5C}.Debug|Any CPU.ActiveCfg = Debug|Any CPU
		{B0EC7669-9F45-4CE1-B53C-917BC5480D5C}.Debug|Any CPU.Build.0 = Debug|Any CPU
		{B0EC7669-9F45-4CE1-B53C-917BC5480D5C}.Release|Any CPU.ActiveCfg = Release|Any CPU
		{B0EC7669-9F45-4CE1-B53C-917BC5480D5C}.Release|Any CPU.Build.0 = Release|Any CPU
	EndGlobalSection
	GlobalSection(SolutionProperties) = preSolution
		HideSolutionNode = FALSE
	EndGlobalSection
	GlobalSection(ExtensibilityGlobals) = postSolution
		SolutionGuid = {D2345DFF-7DDB-4859-B3BE-FDE76FAD7109}
	EndGlobalSection
EndGlobal
